
Microsoft Visual Studio Solution File, Format Version 12.00
# Visual Studio Version 17
VisualStudioVersion = 17.8.34525.116
MinimumVisualStudioVersion = 10.0.40219.1
Project("{9A19103F-16F7-4668-BE54-9A1E7A4F7556}") = "Blazor.Contacts.Wasm.Server", "Blazor.Contacts.Wasm\Server\Blazor.Contacts.Wasm.Server.csproj", "{1F48FE12-921F-4899-8A31-F348F79AB7E5}"
EndProject
Project("{9A19103F-16F7-4668-BE54-9A1E7A4F7556}") = "Blazor.Contacts.Wasm.Client", "Blazor.Contacts.Wasm\Client\Blazor.Contacts.Wasm.Client.csproj", "{AC31A1B9-202D-407F-8462-9256AD020919}"
EndProject
Project("{9A19103F-16F7-4668-BE54-9A1E7A4F7556}") = "Blazor.Contacts.Wasm.Shared", "Blazor.Contacts.Wasm\Shared\Blazor.Contacts.Wasm.Shared.csproj", "{15B8D5DB-817B-40BC-B51B-0D53C931EC56}"
EndProject
Project("{9A19103F-16F7-4668-BE54-9A1E7A4F7556}") = "Blazor.Contacts.Wasm.Repositories", "Blazor.Contacts.Wasm.Repositories\Blazor.Contacts.Wasm.Repositories.csproj", "{1985AF6D-727C-4C43-8218-0CE6A10CEE59}"
EndProject
Global
	GlobalSection(SolutionConfigurationPlatforms) = preSolution
		Debug|Any CPU = Debug|Any CPU
		Release|Any CPU = Release|Any CPU
	EndGlobalSection
	GlobalSection(ProjectConfigurationPlatforms) = postSolution
		{1F48FE12-921F-4899-8A31-F348F79AB7E5}.Debug|Any CPU.ActiveCfg = Debug|Any CPU
		{1F48FE12-921F-4899-8A31-F348F79AB7E5}.Debug|Any CPU.Build.0 = Debug|Any CPU
		{1F48FE12-921F-4899-8A31-F348F79AB7E5}.Release|Any CPU.ActiveCfg = Release|Any CPU
		{1F48FE12-921F-4899-8A31-F348F79AB7E5}.Release|Any CPU.Build.0 = Release|Any CPU
		{AC31A1B9-202D-407F-8462-9256AD020919}.Debug|Any CPU.ActiveCfg = Debug|Any CPU
		{AC31A1B9-202D-407F-8462-9256AD020919}.Debug|Any CPU.Build.0 = Debug|Any CPU
		{AC31A1B9-202D-407F-8462-9256AD020919}.Release|Any CPU.ActiveCfg = Release|Any CPU
		{AC31A1B9-202D-407F-8462-9256AD020919}.Release|Any CPU.Build.0 = Release|Any CPU
		{15B8D5DB-817B-40BC-B51B-0D53C931EC56}.Debug|Any CPU.ActiveCfg = Debug|Any CPU
		{15B8D5DB-817B-40BC-B51B-0D53C931EC56}.Debug|Any CPU.Build.0 = Debug|Any CPU
		{15B8D5DB-817B-40BC-B51B-0D53C931EC56}.Release|Any CPU.ActiveCfg = Release|Any CPU
		{15B8D5DB-817B-40BC-B51B-0D53C931EC56}.Release|Any CPU.Build.0 = Release|Any CPU
		{1985AF6D-727C-4C43-8218-0CE6A10CEE59}.Debug|Any CPU.ActiveCfg = Debug|Any CPU
		{1985AF6D-727C-4C43-8218-0CE6A10CEE59}.Debug|Any CPU.Build.0 = Debug|Any CPU
		{1985AF6D-727C-4C43-8218-0CE6A10CEE59}.Release|Any CPU.ActiveCfg = Release|Any CPU
		{1985AF6D-727C-4C43-8218-0CE6A10CEE59}.Release|Any CPU.Build.0 = Release|Any CPU
	EndGlobalSection
	GlobalSection(SolutionProperties) = preSolution
		HideSolutionNode = FALSE
	EndGlobalSection
	GlobalSection(ExtensibilityGlobals) = postSolution
		SolutionGuid = {70F852A0-B206-4B58-B4C0-98A60A6F88C6}
	EndGlobalSection
EndGlobal
